
Microsoft Visual Studio Solution File, Format Version 12.00
# Visual Studio 15
VisualStudioVersion = 15.0.27703.2026
MinimumVisualStudioVersion = 10.0.40219.1
Project("{FAE04EC0-301F-11D3-BF4B-00C04F79EFBC}") = "WebApplication1", "WebApplication1\WebApplication1.csproj", "{96D04F9E-B881-4BCF-9327-3A8EACBA3C33}"
EndProject
Global
	GlobalSection(SolutionConfigurationPlatforms) = preSolution
		Debug|Any CPU = Debug|Any CPU
		Release|Any CPU = Release|Any CPU
	EndGlobalSection
	GlobalSection(ProjectConfigurationPlatforms) = postSolution
		{96D04F9E-B881-4BCF-9327-3A8EACBA3C33}.Debug|Any CPU.ActiveCfg = Debug|Any CPU
		{96D04F9E-B881-4BCF-9327-3A8EACBA3C33}.Debug|Any CPU.Build.0 = Debug|Any CPU
		{96D04F9E-B881-4BCF-9327-3A8EACBA3C33}.Release|Any CPU.ActiveCfg = Release|Any CPU
		{96D04F9E-B881-4BCF-9327-3A8EACBA3C33}.Release|Any CPU.Build.0 = Release|Any CPU
	EndGlobalSection
	GlobalSection(SolutionProperties) = preSolution
		HideSolutionNode = FALSE
	EndGlobalSection
	GlobalSection(ExtensibilityGlobals) = postSolution
		SolutionGuid = {458CBB8A-F66E-41B0-B860-E0968D99A4E7}
	EndGlobalSection
EndGlobal
